
Microsoft Visual Studio Solution File, Format Version 12.00
# Visual Studio Version 17
VisualStudioVersion = 17.1.32210.238
MinimumVisualStudioVersion = 10.0.40219.1
Project("{9A19103F-16F7-4668-BE54-9A1E7A4F7556}") = "PerformanceTests", "PerformanceTests.csproj", "{24F89A73-2919-4BCF-A511-051C6EF7A51A}"
EndProject
Global
	GlobalSection(SolutionConfigurationPlatforms) = preSolution
		Debug|Any CPU = Debug|Any CPU
		Release|Any CPU = Release|Any CPU
	EndGlobalSection
	GlobalSection(ProjectConfigurationPlatforms) = postSolution
		{24F89A73-2919-4BCF-A511-051C6EF7A51A}.Debug|Any CPU.ActiveCfg = Debug|Any CPU
		{24F89A73-2919-4BCF-A511-051C6EF7A51A}.Debug|Any CPU.Build.0 = Debug|Any CPU
		{24F89A73-2919-4BCF-A511-051C6EF7A51A}.Release|Any CPU.ActiveCfg = Release|Any CPU
		{24F89A73-2919-4BCF-A511-051C6EF7A51A}.Release|Any CPU.Build.0 = Release|Any CPU
	EndGlobalSection
	GlobalSection(SolutionProperties) = preSolution
		HideSolutionNode = FALSE
	EndGlobalSection
	GlobalSection(ExtensibilityGlobals) = postSolution
		SolutionGuid = {47339276-4321-450B-A93F-CFC5B1630AA4}
	EndGlobalSection
EndGlobal
